
Microsoft Visual Studio Solution File, Format Version 12.00
# Visual Studio Version 16
VisualStudioVersion = 16.0.30114.105
MinimumVisualStudioVersion = 10.0.40219.1
Project("{FAE04EC0-301F-11D3-BF4B-00C04F79EFBC}") = "Capstone4_TaskListWebApp", "Capstone4_TaskListWebApp.csproj", "{8427A870-18F7-4941-ACA5-E114A1A5B676}"
EndProject
Global
	GlobalSection(SolutionConfigurationPlatforms) = preSolution
		Debug|Any CPU = Debug|Any CPU
		Release|Any CPU = Release|Any CPU
	EndGlobalSection
	GlobalSection(ProjectConfigurationPlatforms) = postSolution
		{8427A870-18F7-4941-ACA5-E114A1A5B676}.Debug|Any CPU.ActiveCfg = Debug|Any CPU
		{8427A870-18F7-4941-ACA5-E114A1A5B676}.Debug|Any CPU.Build.0 = Debug|Any CPU
		{8427A870-18F7-4941-ACA5-E114A1A5B676}.Release|Any CPU.ActiveCfg = Release|Any CPU
		{8427A870-18F7-4941-ACA5-E114A1A5B676}.Release|Any CPU.Build.0 = Release|Any CPU
	EndGlobalSection
	GlobalSection(SolutionProperties) = preSolution
		HideSolutionNode = FALSE
	EndGlobalSection
	GlobalSection(ExtensibilityGlobals) = postSolution
		SolutionGuid = {38AD58C1-862D-4C98-BFAB-D35984DFCBA9}
	EndGlobalSection
EndGlobal
